
Microsoft Visual Studio Solution File, Format Version 12.00
# Visual Studio Version 17
VisualStudioVersion = 17.14.36121.58
MinimumVisualStudioVersion = 10.0.40219.1
Project("{FAE04EC0-301F-11D3-BF4B-00C04F79EFBC}") = "AnotherSpaceGame", "AnotherSpaceGame\AnotherSpaceGame.csproj", "{994D6200-DB80-46AD-9513-47203871FC6E}"
EndProject
Global
	GlobalSection(SolutionConfigurationPlatforms) = preSolution
		Debug|Any CPU = Debug|Any CPU
		Release|Any CPU = Release|Any CPU
	EndGlobalSection
	GlobalSection(ProjectConfigurationPlatforms) = postSolution
		{994D6200-DB80-46AD-9513-47203871FC6E}.Debug|Any CPU.ActiveCfg = Debug|Any CPU
		{994D6200-DB80-46AD-9513-47203871FC6E}.Debug|Any CPU.Build.0 = Debug|Any CPU
		{994D6200-DB80-46AD-9513-47203871FC6E}.Release|Any CPU.ActiveCfg = Release|Any CPU
		{994D6200-DB80-46AD-9513-47203871FC6E}.Release|Any CPU.Build.0 = Release|Any CPU
	EndGlobalSection
	GlobalSection(SolutionProperties) = preSolution
		HideSolutionNode = FALSE
	EndGlobalSection
	GlobalSection(ExtensibilityGlobals) = postSolution
		SolutionGuid = {4104E958-8939-4EBB-8C24-942826CC4299}
	EndGlobalSection
EndGlobal
